// !$*UTF8*$!
{
	archiveVersion = 1;
	classes = {
	};
	objectVersion = 56;
	objects = {

/* Begin PBXBuildFile section */
		EE49A2B62BC032CA007E15E4 /* PuzzleGameScene.swift in Sources */ = {isa = PBXBuildFile; fileRef = EE49A2B52BC032CA007E15E4 /* PuzzleGameScene.swift */; };
		EE49A2B92BC032EF007E15E4 /* PuzzleGameView.swift in Sources */ = {isa = PBXBuildFile; fileRef = EE49A2B82BC032EF007E15E4 /* PuzzleGameView.swift */; };
		EE49A2BC2BC03471007E15E4 /* Item.swift in Sources */ = {isa = PBXBuildFile; fileRef = EE49A2BB2BC03471007E15E4 /* Item.swift */; };
		EE49A2C02BC041EC007E15E4 /* Explosion.sks in Resources */ = {isa = PBXBuildFile; fileRef = EE49A2BE2BC041EC007E15E4 /* Explosion.sks */; };
		EE49A2C12BC041EC007E15E4 /* Assets.xcassets in Resources */ = {isa = PBXBuildFile; fileRef = EE49A2BF2BC041EC007E15E4 /* Assets.xcassets */; };
		EE49A2C32BC050AC007E15E4 /* LevelItem.swift in Sources */ = {isa = PBXBuildFile; fileRef = EE49A2C22BC050AC007E15E4 /* LevelItem.swift */; };
		EE49A2C52BC185F3007E15E4 /* GameFInishedView.swift in Sources */ = {isa = PBXBuildFile; fileRef = EE49A2C42BC185F3007E15E4 /* GameFInishedView.swift */; };
		EE49A2C72BC1950D007E15E4 /* GameData.swift in Sources */ = {isa = PBXBuildFile; fileRef = EE49A2C62BC1950D007E15E4 /* GameData.swift */; };
		EE9F8E1D2BB8493E00FDA6E6 /* Joker_APpApp.swift in Sources */ = {isa = PBXBuildFile; fileRef = EE9F8E1C2BB8493E00FDA6E6 /* Joker_APpApp.swift */; };
		EE9F8E1F2BB8493E00FDA6E6 /* ContentView.swift in Sources */ = {isa = PBXBuildFile; fileRef = EE9F8E1E2BB8493E00FDA6E6 /* ContentView.swift */; };
		EE9F8E212BB8494000FDA6E6 /* Assets.xcassets in Resources */ = {isa = PBXBuildFile; fileRef = EE9F8E202BB8494000FDA6E6 /* Assets.xcassets */; };
		EE9F8E242BB8494000FDA6E6 /* Preview Assets.xcassets in Resources */ = {isa = PBXBuildFile; fileRef = EE9F8E232BB8494000FDA6E6 /* Preview Assets.xcassets */; };
		EE9F8E2F2BBC3C0F00FDA6E6 /* ChooseView.swift in Sources */ = {isa = PBXBuildFile; fileRef = EE9F8E2E2BBC3C0F00FDA6E6 /* ChooseView.swift */; };
		EE9F8E312BBC3CF200FDA6E6 /* RewardsView.swift in Sources */ = {isa = PBXBuildFile; fileRef = EE9F8E302BBC3CF200FDA6E6 /* RewardsView.swift */; };
		EE9F8E342BBC3D0600FDA6E6 /* InfoView.swift in Sources */ = {isa = PBXBuildFile; fileRef = EE9F8E332BBC3D0600FDA6E6 /* InfoView.swift */; };
		EE9F8E3A2BBC404E00FDA6E6 /* lilit.ttf in Resources */ = {isa = PBXBuildFile; fileRef = EE9F8E392BBC404E00FDA6E6 /* lilit.ttf */; };
		EE9F8E3D2BBC428600FDA6E6 /* LevelsGameView.swift in Sources */ = {isa = PBXBuildFile; fileRef = EE9F8E3C2BBC428600FDA6E6 /* LevelsGameView.swift */; };
		EE9F8E3F2BBC43BE00FDA6E6 /* FontName.swift in Sources */ = {isa = PBXBuildFile; fileRef = EE9F8E3E2BBC43BE00FDA6E6 /* FontName.swift */; };
		EE9F8E422BBC453200FDA6E6 /* RewardModel.swift in Sources */ = {isa = PBXBuildFile; fileRef = EE9F8E412BBC453200FDA6E6 /* RewardModel.swift */; };
/* End PBXBuildFile section */

/* Begin PBXFileReference section */
		EE49A2B52BC032CA007E15E4 /* PuzzleGameScene.swift */ = {isa = PBXFileReference; lastKnownFileType = sourcecode.swift; path = PuzzleGameScene.swift; sourceTree = "<group>"; };
		EE49A2B82BC032EF007E15E4 /* PuzzleGameView.swift */ = {isa = PBXFileReference; lastKnownFileType = sourcecode.swift; path = PuzzleGameView.swift; sourceTree = "<group>"; };
		EE49A2BB2BC03471007E15E4 /* Item.swift */ = {isa = PBXFileReference; lastKnownFileType = sourcecode.swift; path = Item.swift; sourceTree = "<group>"; };
		EE49A2BE2BC041EC007E15E4 /* Explosion.sks */ = {isa = PBXFileReference; lastKnownFileType = file.sks; path = Explosion.sks; sourceTree = "<group>"; };
		EE49A2BF2BC041EC007E15E4 /* Assets.xcassets */ = {isa = PBXFileReference; lastKnownFileType = folder.assetcatalog; path = Assets.xcassets; sourceTree = "<group>"; };
		EE49A2C22BC050AC007E15E4 /* LevelItem.swift */ = {isa = PBXFileReference; lastKnownFileType = sourcecode.swift; path = LevelItem.swift; sourceTree = "<group>"; };
		EE49A2C42BC185F3007E15E4 /* GameFInishedView.swift */ = {isa = PBXFileReference; lastKnownFileType = sourcecode.swift; path = GameFInishedView.swift; sourceTree = "<group>"; };
		EE49A2C62BC1950D007E15E4 /* GameData.swift */ = {isa = PBXFileReference; lastKnownFileType = sourcecode.swift; path = GameData.swift; sourceTree = "<group>"; };
		EE9F8E192BB8493E00FDA6E6 /* Joker APp.app */ = {isa = PBXFileReference; explicitFileType = wrapper.application; includeInIndex = 0; path = "Joker APp.app"; sourceTree = BUILT_PRODUCTS_DIR; };
		EE9F8E1C2BB8493E00FDA6E6 /* Joker_APpApp.swift */ = {isa = PBXFileReference; lastKnownFileType = sourcecode.swift; path = Joker_APpApp.swift; sourceTree = "<group>"; };
		EE9F8E1E2BB8493E00FDA6E6 /* ContentView.swift */ = {isa = PBXFileReference; lastKnownFileType = sourcecode.swift; path = ContentView.swift; sourceTree = "<group>"; };
		EE9F8E202BB8494000FDA6E6 /* Assets.xcassets */ = {isa = PBXFileReference; lastKnownFileType = folder.assetcatalog; path = Assets.xcassets; sourceTree = "<group>"; };
		EE9F8E232BB8494000FDA6E6 /* Preview Assets.xcassets */ = {isa = PBXFileReference; lastKnownFileType = folder.assetcatalog; path = "Preview Assets.xcassets"; sourceTree = "<group>"; };
		EE9F8E2E2BBC3C0F00FDA6E6 /* ChooseView.swift */ = {isa = PBXFileReference; lastKnownFileType = sourcecode.swift; path = ChooseView.swift; sourceTree = "<group>"; };
		EE9F8E302BBC3CF200FDA6E6 /* RewardsView.swift */ = {isa = PBXFileReference; lastKnownFileType = sourcecode.swift; path = RewardsView.swift; sourceTree = "<group>"; };
		EE9F8E332BBC3D0600FDA6E6 /* InfoView.swift */ = {isa = PBXFileReference; lastKnownFileType = sourcecode.swift; path = InfoView.swift; sourceTree = "<group>"; };
		EE9F8E382BBC3F4C00FDA6E6 /* Joker-APp-Info.plist */ = {isa = PBXFileReference; lastKnownFileType = text.plist; path = "Joker-APp-Info.plist"; sourceTree = SOURCE_ROOT; };
		EE9F8E392BBC404E00FDA6E6 /* lilit.ttf */ = {isa = PBXFileReference; lastKnownFileType = file; name = lilit.ttf; path = ../../../../Downloads/Lilita_One/lilit.ttf; sourceTree = "<group>"; };
		EE9F8E3C2BBC428600FDA6E6 /* LevelsGameView.swift */ = {isa = PBXFileReference; lastKnownFileType = sourcecode.swift; path = LevelsGameView.swift; sourceTree = "<group>"; };
		EE9F8E3E2BBC43BE00FDA6E6 /* FontName.swift */ = {isa = PBXFileReference; lastKnownFileType = sourcecode.swift; path = FontName.swift; sourceTree = "<group>"; };
		EE9F8E412BBC453200FDA6E6 /* RewardModel.swift */ = {isa = PBXFileReference; lastKnownFileType = sourcecode.swift; path = RewardModel.swift; sourceTree = "<group>"; };
/* End PBXFileReference section */

/* Begin PBXFrameworksBuildPhase section */
		EE9F8E162BB8493E00FDA6E6 /* Frameworks */ = {
			isa = PBXFrameworksBuildPhase;
			buildActionMask = 2147483647;
			files = (
			);
			runOnlyForDeploymentPostprocessing = 0;
		};
/* End PBXFrameworksBuildPhase section */

/* Begin PBXGroup section */
		EE49A2B42BC031C0007E15E4 /* Game */ = {
			isa = PBXGroup;
			children = (
				EE49A2B52BC032CA007E15E4 /* PuzzleGameScene.swift */,
			);
			path = Game;
			sourceTree = "<group>";
		};
		EE49A2B72BC032DA007E15E4 /* PuzzleGameView */ = {
			isa = PBXGroup;
			children = (
				EE49A2B82BC032EF007E15E4 /* PuzzleGameView.swift */,
				EE49A2C42BC185F3007E15E4 /* GameFInishedView.swift */,
			);
			path = PuzzleGameView;
			sourceTree = "<group>";
		};
		EE49A2BA2BC03462007E15E4 /* Models */ = {
			isa = PBXGroup;
			children = (
				EE49A2BB2BC03471007E15E4 /* Item.swift */,
				EE49A2C22BC050AC007E15E4 /* LevelItem.swift */,
			);
			path = Models;
			sourceTree = "<group>";
		};
		EE49A2BD2BC041D7007E15E4 /* Particles */ = {
			isa = PBXGroup;
			children = (
				EE49A2BE2BC041EC007E15E4 /* Explosion.sks */,
				EE49A2BF2BC041EC007E15E4 /* Assets.xcassets */,
			);
			path = Particles;
			sourceTree = "<group>";
		};
		EE9F8E102BB8493E00FDA6E6 = {
			isa = PBXGroup;
			children = (
				EE9F8E1B2BB8493E00FDA6E6 /* Joker APp */,
				EE9F8E1A2BB8493E00FDA6E6 /* Products */,
			);
			sourceTree = "<group>";
		};
		EE9F8E1A2BB8493E00FDA6E6 /* Products */ = {
			isa = PBXGroup;
			children = (
				EE9F8E192BB8493E00FDA6E6 /* Joker APp.app */,
			);
			name = Products;
			sourceTree = "<group>";
		};
		EE9F8E1B2BB8493E00FDA6E6 /* Joker APp */ = {
			isa = PBXGroup;
			children = (
				EE49A2BD2BC041D7007E15E4 /* Particles */,
				EE9F8E402BBC452600FDA6E6 /* Model */,
				EE9F8E382BBC3F4C00FDA6E6 /* Joker-APp-Info.plist */,
				EE9F8E392BBC404E00FDA6E6 /* lilit.ttf */,
				EE9F8E352BBC3F1600FDA6E6 /* Fonts */,
				EE9F8E2B2BB8494F00FDA6E6 /* Scenes */,
				EE9F8E2A2BB8494800FDA6E6 /* Views */,
				EE9F8E1C2BB8493E00FDA6E6 /* Joker_APpApp.swift */,
				EE9F8E1E2BB8493E00FDA6E6 /* ContentView.swift */,
				EE9F8E202BB8494000FDA6E6 /* Assets.xcassets */,
				EE9F8E222BB8494000FDA6E6 /* Preview Content */,
				EE49A2C62BC1950D007E15E4 /* GameData.swift */,
			);
			path = "Joker APp";
			sourceTree = "<group>";
		};
		EE9F8E222BB8494000FDA6E6 /* Preview Content */ = {
			isa = PBXGroup;
			children = (
				EE9F8E232BB8494000FDA6E6 /* Preview Assets.xcassets */,
			);
			path = "Preview Content";
			sourceTree = "<group>";
		};
		EE9F8E2A2BB8494800FDA6E6 /* Views */ = {
			isa = PBXGroup;
			children = (
				EE49A2B72BC032DA007E15E4 /* PuzzleGameView */,
				EE9F8E3B2BBC427900FDA6E6 /* LevelsGame */,
				EE9F8E322BBC3CFB00FDA6E6 /* InfoView */,
				EE9F8E2D2BBC3A5900FDA6E6 /* RewardsView */,
				EE9F8E2C2BBC3A4000FDA6E6 /* ChooseView */,
			);
			path = Views;
			sourceTree = "<group>";
		};
		EE9F8E2B2BB8494F00FDA6E6 /* Scenes */ = {
			isa = PBXGroup;
			children = (
				EE49A2BA2BC03462007E15E4 /* Models */,
				EE49A2B42BC031C0007E15E4 /* Game */,
			);
			path = Scenes;
			sourceTree = "<group>";
		};
		EE9F8E2C2BBC3A4000FDA6E6 /* ChooseView */ = {
			isa = PBXGroup;
			children = (
				EE9F8E2E2BBC3C0F00FDA6E6 /* ChooseView.swift */,
			);
			path = ChooseView;
			sourceTree = "<group>";
		};
		EE9F8E2D2BBC3A5900FDA6E6 /* RewardsView */ = {
			isa = PBXGroup;
			children = (
				EE9F8E302BBC3CF200FDA6E6 /* RewardsView.swift */,
			);
			path = RewardsView;
			sourceTree = "<group>";
		};
		EE9F8E322BBC3CFB00FDA6E6 /* InfoView */ = {
			isa = PBXGroup;
			children = (
				EE9F8E332BBC3D0600FDA6E6 /* InfoView.swift */,
			);
			path = InfoView;
			sourceTree = "<group>";
		};
		EE9F8E352BBC3F1600FDA6E6 /* Fonts */ = {
			isa = PBXGroup;
			children = (
				EE9F8E3E2BBC43BE00FDA6E6 /* FontName.swift */,
			);
			path = Fonts;
			sourceTree = "<group>";
		};
		EE9F8E3B2BBC427900FDA6E6 /* LevelsGame */ = {
			isa = PBXGroup;
			children = (
				EE9F8E3C2BBC428600FDA6E6 /* LevelsGameView.swift */,
			);
			path = LevelsGame;
			sourceTree = "<group>";
		};
		EE9F8E402BBC452600FDA6E6 /* Model */ = {
			isa = PBXGroup;
			children = (
				EE9F8E412BBC453200FDA6E6 /* RewardModel.swift */,
			);
			path = Model;
			sourceTree = "<group>";
		};
/* End PBXGroup section */

/* Begin PBXNativeTarget section */
		EE9F8E182BB8493E00FDA6E6 /* Joker APp */ = {
			isa = PBXNativeTarget;
			buildConfigurationList = EE9F8E272BB8494000FDA6E6 /* Build configuration list for PBXNativeTarget "Joker APp" */;
			buildPhases = (
				EE9F8E152BB8493E00FDA6E6 /* Sources */,
				EE9F8E162BB8493E00FDA6E6 /* Frameworks */,
				EE9F8E172BB8493E00FDA6E6 /* Resources */,
			);
			buildRules = (
			);
			dependencies = (
			);
			name = "Joker APp";
			productName = "Joker APp";
			productReference = EE9F8E192BB8493E00FDA6E6 /* Joker APp.app */;
			productType = "com.apple.product-type.application";
		};
/* End PBXNativeTarget section */

/* Begin PBXProject section */
		EE9F8E112BB8493E00FDA6E6 /* Project object */ = {
			isa = PBXProject;
			attributes = {
				BuildIndependentTargetsInParallel = 1;
				LastSwiftUpdateCheck = 1510;
				LastUpgradeCheck = 1510;
				TargetAttributes = {
					EE9F8E182BB8493E00FDA6E6 = {
						CreatedOnToolsVersion = 15.1;
					};
				};
			};
			buildConfigurationList = EE9F8E142BB8493E00FDA6E6 /* Build configuration list for PBXProject "Joker APp" */;
			compatibilityVersion = "Xcode 14.0";
			developmentRegion = en;
			hasScannedForEncodings = 0;
			knownRegions = (
				en,
				Base,
			);
			mainGroup = EE9F8E102BB8493E00FDA6E6;
			productRefGroup = EE9F8E1A2BB8493E00FDA6E6 /* Products */;
			projectDirPath = "";
			projectRoot = "";
			targets = (
				EE9F8E182BB8493E00FDA6E6 /* Joker APp */,
			);
		};
/* End PBXProject section */

/* Begin PBXResourcesBuildPhase section */
		EE9F8E172BB8493E00FDA6E6 /* Resources */ = {
			isa = PBXResourcesBuildPhase;
			buildActionMask = 2147483647;
			files = (
				EE9F8E242BB8494000FDA6E6 /* Preview Assets.xcassets in Resources */,
				EE49A2C02BC041EC007E15E4 /* Explosion.sks in Resources */,
				EE9F8E212BB8494000FDA6E6 /* Assets.xcassets in Resources */,
				EE9F8E3A2BBC404E00FDA6E6 /* lilit.ttf in Resources */,
				EE49A2C12BC041EC007E15E4 /* Assets.xcassets in Resources */,
			);
			runOnlyForDeploymentPostprocessing = 0;
		};
/* End PBXResourcesBuildPhase section */

/* Begin PBXSourcesBuildPhase section */
		EE9F8E152BB8493E00FDA6E6 /* Sources */ = {
			isa = PBXSourcesBuildPhase;
			buildActionMask = 2147483647;
			files = (
				EE49A2B92BC032EF007E15E4 /* PuzzleGameView.swift in Sources */,
				EE49A2C32BC050AC007E15E4 /* LevelItem.swift in Sources */,
				EE9F8E1F2BB8493E00FDA6E6 /* ContentView.swift in Sources */,
				EE9F8E2F2BBC3C0F00FDA6E6 /* ChooseView.swift in Sources */,
				EE9F8E422BBC453200FDA6E6 /* RewardModel.swift in Sources */,
				EE9F8E1D2BB8493E00FDA6E6 /* Joker_APpApp.swift in Sources */,
				EE9F8E3D2BBC428600FDA6E6 /* LevelsGameView.swift in Sources */,
				EE49A2BC2BC03471007E15E4 /* Item.swift in Sources */,
				EE49A2C52BC185F3007E15E4 /* GameFInishedView.swift in Sources */,
				EE9F8E3F2BBC43BE00FDA6E6 /* FontName.swift in Sources */,
				EE9F8E342BBC3D0600FDA6E6 /* InfoView.swift in Sources */,
				EE49A2C72BC1950D007E15E4 /* GameData.swift in Sources */,
				EE49A2B62BC032CA007E15E4 /* PuzzleGameScene.swift in Sources */,
				EE9F8E312BBC3CF200FDA6E6 /* RewardsView.swift in Sources */,
			);
			runOnlyForDeploymentPostprocessing = 0;
		};
/* End PBXSourcesBuildPhase section */

/* Begin XCBuildConfiguration section */
		EE9F8E252BB8494000FDA6E6 /* Debug */ = {
			isa = XCBuildConfiguration;
			buildSettings = {
				ALWAYS_SEARCH_USER_PATHS = NO;
				ASSETCATALOG_COMPILER_GENERATE_SWIFT_ASSET_SYMBOL_EXTENSIONS = YES;
				CLANG_ANALYZER_NONNULL = YES;
				CLANG_ANALYZER_NUMBER_OBJECT_CONVERSION = YES_AGGRESSIVE;
				CLANG_CXX_LANGUAGE_STANDARD = "gnu++20";
				CLANG_ENABLE_MODULES = YES;
				CLANG_ENABLE_OBJC_ARC = YES;
				CLANG_ENABLE_OBJC_WEAK = YES;
				CLANG_WARN_BLOCK_CAPTURE_AUTORELEASING = YES;
				CLANG_WARN_BOOL_CONVERSION = YES;
				CLANG_WARN_COMMA = YES;
				CLANG_WARN_CONSTANT_CONVERSION = YES;
				CLANG_WARN_DEPRECATED_OBJC_IMPLEMENTATIONS = YES;
				CLANG_WARN_DIRECT_OBJC_ISA_USAGE = YES_ERROR;
				CLANG_WARN_DOCUMENTATION_COMMENTS = YES;
				CLANG_WARN_EMPTY_BODY = YES;
				CLANG_WARN_ENUM_CONVERSION = YES;
				CLANG_WARN_INFINITE_RECURSION = YES;
				CLANG_WARN_INT_CONVERSION = YES;
				CLANG_WARN_NON_LITERAL_NULL_CONVERSION = YES;
				CLANG_WARN_OBJC_IMPLICIT_RETAIN_SELF = YES;
				CLANG_WARN_OBJC_LITERAL_CONVERSION = YES;
				CLANG_WARN_OBJC_ROOT_CLASS = YES_ERROR;
				CLANG_WARN_QUOTED_INCLUDE_IN_FRAMEWORK_HEADER = YES;
				CLANG_WARN_RANGE_LOOP_ANALYSIS = YES;
				CLANG_WARN_STRICT_PROTOTYPES = YES;
				CLANG_WARN_SUSPICIOUS_MOVE = YES;
				CLANG_WARN_UNGUARDED_AVAILABILITY = YES_AGGRESSIVE;
				CLANG_WARN_UNREACHABLE_CODE = YES;
				CLANG_WARN__DUPLICATE_METHOD_MATCH = YES;
				COPY_PHASE_STRIP = NO;
				DEBUG_INFORMATION_FORMAT = dwarf;
				ENABLE_STRICT_OBJC_MSGSEND = YES;
				ENABLE_TESTABILITY = YES;
				ENABLE_USER_SCRIPT_SANDBOXING = YES;
				GCC_C_LANGUAGE_STANDARD = gnu17;
				GCC_DYNAMIC_NO_PIC = NO;
				GCC_NO_COMMON_BLOCKS = YES;
				GCC_OPTIMIZATION_LEVEL = 0;
				GCC_PREPROCESSOR_DEFINITIONS = (
					"DEBUG=1",
					"$(inherited)",
				);
				GCC_WARN_64_TO_32_BIT_CONVERSION = YES;
				GCC_WARN_ABOUT_RETURN_TYPE = YES_ERROR;
				GCC_WARN_UNDECLARED_SELECTOR = YES;
				GCC_WARN_UNINITIALIZED_AUTOS = YES_AGGRESSIVE;
				GCC_WARN_UNUSED_FUNCTION = YES;
				GCC_WARN_UNUSED_VARIABLE = YES;
				IPHONEOS_DEPLOYMENT_TARGET = 17.2;
				LOCALIZATION_PREFERS_STRING_CATALOGS = YES;
				MTL_ENABLE_DEBUG_INFO = INCLUDE_SOURCE;
				MTL_FAST_MATH = YES;
				ONLY_ACTIVE_ARCH = YES;
				SDKROOT = iphoneos;
				SWIFT_ACTIVE_COMPILATION_CONDITIONS = "DEBUG $(inherited)";
				SWIFT_OPTIMIZATION_LEVEL = "-Onone";
			};
			name = Debug;
		};
		EE9F8E262BB8494000FDA6E6 /* Release */ = {
			isa = XCBuildConfiguration;
			buildSettings = {
				ALWAYS_SEARCH_USER_PATHS = NO;
				ASSETCATALOG_COMPILER_GENERATE_SWIFT_ASSET_SYMBOL_EXTENSIONS = YES;
				CLANG_ANALYZER_NONNULL = YES;
				CLANG_ANALYZER_NUMBER_OBJECT_CONVERSION = YES_AGGRESSIVE;
				CLANG_CXX_LANGUAGE_STANDARD = "gnu++20";
				CLANG_ENABLE_MODULES = YES;
				CLANG_ENABLE_OBJC_ARC = YES;
				CLANG_ENABLE_OBJC_WEAK = YES;
				CLANG_WARN_BLOCK_CAPTURE_AUTORELEASING = YES;
				CLANG_WARN_BOOL_CONVERSION = YES;
				CLANG_WARN_COMMA = YES;
				CLANG_WARN_CONSTANT_CONVERSION = YES;
				CLANG_WARN_DEPRECATED_OBJC_IMPLEMENTATIONS = YES;
				CLANG_WARN_DIRECT_OBJC_ISA_USAGE = YES_ERROR;
				CLANG_WARN_DOCUMENTATION_COMMENTS = YES;
				CLANG_WARN_EMPTY_BODY = YES;
				CLANG_WARN_ENUM_CONVERSION = YES;
				CLANG_WARN_INFINITE_RECURSION = YES;
				CLANG_WARN_INT_CONVERSION = YES;
				CLANG_WARN_NON_LITERAL_NULL_CONVERSION = YES;
				CLANG_WARN_OBJC_IMPLICIT_RETAIN_SELF = YES;
				CLANG_WARN_OBJC_LITERAL_CONVERSION = YES;
				CLANG_WARN_OBJC_ROOT_CLASS = YES_ERROR;
				CLANG_WARN_QUOTED_INCLUDE_IN_FRAMEWORK_HEADER = YES;
				CLANG_WARN_RANGE_LOOP_ANALYSIS = YES;
				CLANG_WARN_STRICT_PROTOTYPES = YES;
				CLANG_WARN_SUSPICIOUS_MOVE = YES;
				CLANG_WARN_UNGUARDED_AVAILABILITY = YES_AGGRESSIVE;
				CLANG_WARN_UNREACHABLE_CODE = YES;
				CLANG_WARN__DUPLICATE_METHOD_MATCH = YES;
				COPY_PHASE_STRIP = NO;
				DEBUG_INFORMATION_FORMAT = "dwarf-with-dsym";
				ENABLE_NS_ASSERTIONS = NO;
				ENABLE_STRICT_OBJC_MSGSEND = YES;
				ENABLE_USER_SCRIPT_SANDBOXING = YES;
				GCC_C_LANGUAGE_STANDARD = gnu17;
				GCC_NO_COMMON_BLOCKS = YES;
				GCC_WARN_64_TO_32_BIT_CONVERSION = YES;
				GCC_WARN_ABOUT_RETURN_TYPE = YES_ERROR;
				GCC_WARN_UNDECLARED_SELECTOR = YES;
				GCC_WARN_UNINITIALIZED_AUTOS = YES_AGGRESSIVE;
				GCC_WARN_UNUSED_FUNCTION = YES;
				GCC_WARN_UNUSED_VARIABLE = YES;
				IPHONEOS_DEPLOYMENT_TARGET = 17.2;
				LOCALIZATION_PREFERS_STRING_CATALOGS = YES;
				MTL_ENABLE_DEBUG_INFO = NO;
				MTL_FAST_MATH = YES;
				SDKROOT = iphoneos;
				SWIFT_COMPILATION_MODE = wholemodule;
				VALIDATE_PRODUCT = YES;
			};
			name = Release;
		};
		EE9F8E282BB8494000FDA6E6 /* Debug */ = {
			isa = XCBuildConfiguration;
			buildSettings = {
				ASSETCATALOG_COMPILER_APPICON_NAME = AppIcon;
				ASSETCATALOG_COMPILER_GLOBAL_ACCENT_COLOR_NAME = AccentColor;
				CODE_SIGN_STYLE = Automatic;
				CURRENT_PROJECT_VERSION = 1;
				DEVELOPMENT_ASSET_PATHS = "\"Joker APp/Preview Content\"";
				DEVELOPMENT_TEAM = 4RSA42DBKQ;
				ENABLE_PREVIEWS = YES;
				GENERATE_INFOPLIST_FILE = YES;
				INFOPLIST_FILE = "Joker-APp-Info.plist";
				INFOPLIST_KEY_UIApplicationSceneManifest_Generation = YES;
				INFOPLIST_KEY_UIApplicationSupportsIndirectInputEvents = YES;
				INFOPLIST_KEY_UILaunchScreen_Generation = YES;
				INFOPLIST_KEY_UISupportedInterfaceOrientations_iPad = "UIInterfaceOrientationPortrait UIInterfaceOrientationPortraitUpsideDown UIInterfaceOrientationLandscapeLeft UIInterfaceOrientationLandscapeRight";
				INFOPLIST_KEY_UISupportedInterfaceOrientations_iPhone = "UIInterfaceOrientationPortrait UIInterfaceOrientationLandscapeLeft UIInterfaceOrientationLandscapeRight";
				IPHONEOS_DEPLOYMENT_TARGET = 15.0;
				LD_RUNPATH_SEARCH_PATHS = (
					"$(inherited)",
					"@executable_path/Frameworks",
				);
				MARKETING_VERSION = 1.0;
				PRODUCT_BUNDLE_IDENTIFIER = "com.whackplikogame.Joker-APp";
				PRODUCT_NAME = "$(TARGET_NAME)";
				SUPPORTED_PLATFORMS = "iphoneos iphonesimulator";
				SUPPORTS_MACCATALYST = NO;
				SUPPORTS_MAC_DESIGNED_FOR_IPHONE_IPAD = NO;
				SWIFT_EMIT_LOC_STRINGS = YES;
				SWIFT_VERSION = 5.0;
				TARGETED_DEVICE_FAMILY = "1,2";
			};
			name = Debug;
		};
		EE9F8E292BB8494000FDA6E6 /* Release */ = {
			isa = XCBuildConfiguration;
			buildSettings = {
				ASSETCATALOG_COMPILER_APPICON_NAME = AppIcon;
				ASSETCATALOG_COMPILER_GLOBAL_ACCENT_COLOR_NAME = AccentColor;
				CODE_SIGN_STYLE = Automatic;
				CURRENT_PROJECT_VERSION = 1;
				DEVELOPMENT_ASSET_PATHS = "\"Joker APp/Preview Content\"";
				DEVELOPMENT_TEAM = 4RSA42DBKQ;
				ENABLE_PREVIEWS = YES;
				GENERATE_INFOPLIST_FILE = YES;
				INFOPLIST_FILE = "Joker-APp-Info.plist";
				INFOPLIST_KEY_UIApplicationSceneManifest_Generation = YES;
				INFOPLIST_KEY_UIApplicationSupportsIndirectInputEvents = YES;
				INFOPLIST_KEY_UILaunchScreen_Generation = YES;
				INFOPLIST_KEY_UISupportedInterfaceOrientations_iPad = "UIInterfaceOrientationPortrait UIInterfaceOrientationPortraitUpsideDown UIInterfaceOrientationLandscapeLeft UIInterfaceOrientationLandscapeRight";
				INFOPLIST_KEY_UISupportedInterfaceOrientations_iPhone = "UIInterfaceOrientationPortrait UIInterfaceOrientationLandscapeLeft UIInterfaceOrientationLandscapeRight";
				IPHONEOS_DEPLOYMENT_TARGET = 15.0;
				LD_RUNPATH_SEARCH_PATHS = (
					"$(inherited)",
					"@executable_path/Frameworks",
				);
				MARKETING_VERSION = 1.0;
				PRODUCT_BUNDLE_IDENTIFIER = "com.whackplikogame.Joker-APp";
				PRODUCT_NAME = "$(TARGET_NAME)";
				SUPPORTED_PLATFORMS = "iphoneos iphonesimulator";
				SUPPORTS_MACCATALYST = NO;
				SUPPORTS_MAC_DESIGNED_FOR_IPHONE_IPAD = NO;
				SWIFT_EMIT_LOC_STRINGS = YES;
				SWIFT_VERSION = 5.0;
				TARGETED_DEVICE_FAMILY = "1,2";
			};
			name = Release;
		};
/* End XCBuildConfiguration section */

/* Begin XCConfigurationList section */
		EE9F8E142BB8493E00FDA6E6 /* Build configuration list for PBXProject "Joker APp" */ = {
			isa = XCConfigurationList;
			buildConfigurations = (
				EE9F8E252BB8494000FDA6E6 /* Debug */,
				EE9F8E262BB8494000FDA6E6 /* Release */,
			);
			defaultConfigurationIsVisible = 0;
			defaultConfigurationName = Release;
		};
		EE9F8E272BB8494000FDA6E6 /* Build configuration list for PBXNativeTarget "Joker APp" */ = {
			isa = XCConfigurationList;
			buildConfigurations = (
				EE9F8E282BB8494000FDA6E6 /* Debug */,
				EE9F8E292BB8494000FDA6E6 /* Release */,
			);
			defaultConfigurationIsVisible = 0;
			defaultConfigurationName = Release;
		};
/* End XCConfigurationList section */
	};
	rootObject = EE9F8E112BB8493E00FDA6E6 /* Project object */;
}
